Microsoft Visual Studio Solution File, Format Version 12.00
# Visual Studio Version 17
VisualStudioVersion = 17.0.31903.59
MinimumVisualStudioVersion = 10.0.40219.1
Project("{2150E333-8FDC-42A3-9474-1A3956D46DE8}") = "src", "src", "{827E0CD3-B72D-47B6-A68D-7590B98EB39B}"
EndProject
Project("{FAE04EC0-301F-11D3-BF4B-00C04F79EFBC}") = "MeuCatan.ClassLib", "src\MeuCatan.ClassLib\MeuCatan.ClassLib.csproj", "{DBD00D1B-EE6E-49BD-A0F9-D9B141CC7761}"
EndProject
Project("{FAE04EC0-301F-11D3-BF4B-00C04F79EFBC}") = "MeuCatan.MudblazorWasmClient", "src\MeuCatan.MudblazorWasmClient\MeuCatan.MudblazorWasmClient.csproj", "{16C0829D-50AD-4A9D-B34E-75DE1690247F}"
EndProject
Project("{FAE04EC0-301F-11D3-BF4B-00C04F79EFBC}") = "MeuCatan.Api", "src\MeuCatan.Api\MeuCatan.Api.csproj", "{8442D5AA-EDD9-4D7C-959F-F792D96067AF}"
EndProject
Global
	GlobalSection(SolutionConfigurationPlatforms) = preSolution
		Debug|Any CPU = Debug|Any CPU
		Debug|x64 = Debug|x64
		Debug|x86 = Debug|x86
		Release|Any CPU = Release|Any CPU
		Release|x64 = Release|x64
		Release|x86 = Release|x86
	EndGlobalSection
	GlobalSection(ProjectConfigurationPlatforms) = postSolution
		{DBD00D1B-EE6E-49BD-A0F9-D9B141CC7761}.Debug|Any CPU.ActiveCfg = Debug|Any CPU
		{DBD00D1B-EE6E-49BD-A0F9-D9B141CC7761}.Debug|Any CPU.Build.0 = Debug|Any CPU
		{DBD00D1B-EE6E-49BD-A0F9-D9B141CC7761}.Debug|x64.ActiveCfg = Debug|Any CPU
		{DBD00D1B-EE6E-49BD-A0F9-D9B141CC7761}.Debug|x64.Build.0 = Debug|Any CPU
		{DBD00D1B-EE6E-49BD-A0F9-D9B141CC7761}.Debug|x86.ActiveCfg = Debug|Any CPU
		{DBD00D1B-EE6E-49BD-A0F9-D9B141CC7761}.Debug|x86.Build.0 = Debug|Any CPU
		{DBD00D1B-EE6E-49BD-A0F9-D9B141CC7761}.Release|Any CPU.ActiveCfg = Release|Any CPU
		{DBD00D1B-EE6E-49BD-A0F9-D9B141CC7761}.Release|Any CPU.Build.0 = Release|Any CPU
		{DBD00D1B-EE6E-49BD-A0F9-D9B141CC7761}.Release|x64.ActiveCfg = Release|Any CPU
		{DBD00D1B-EE6E-49BD-A0F9-D9B141CC7761}.Release|x64.Build.0 = Release|Any CPU
		{DBD00D1B-EE6E-49BD-A0F9-D9B141CC7761}.Release|x86.ActiveCfg = Release|Any CPU
		{DBD00D1B-EE6E-49BD-A0F9-D9B141CC7761}.Release|x86.Build.0 = Release|Any CPU
		{16C0829D-50AD-4A9D-B34E-75DE1690247F}.Debug|Any CPU.ActiveCfg = Debug|Any CPU
		{16C0829D-50AD-4A9D-B34E-75DE1690247F}.Debug|Any CPU.Build.0 = Debug|Any CPU
		{16C0829D-50AD-4A9D-B34E-75DE1690247F}.Debug|x64.ActiveCfg = Debug|Any CPU
		{16C0829D-50AD-4A9D-B34E-75DE1690247F}.Debug|x64.Build.0 = Debug|Any CPU
		{16C0829D-50AD-4A9D-B34E-75DE1690247F}.Debug|x86.ActiveCfg = Debug|Any CPU
		{16C0829D-50AD-4A9D-B34E-75DE1690247F}.Debug|x86.Build.0 = Debug|Any CPU
		{16C0829D-50AD-4A9D-B34E-75DE1690247F}.Release|Any CPU.ActiveCfg = Release|Any CPU
		{16C0829D-50AD-4A9D-B34E-75DE1690247F}.Release|Any CPU.Build.0 = Release|Any CPU
		{16C0829D-50AD-4A9D-B34E-75DE1690247F}.Release|x64.ActiveCfg = Release|Any CPU
		{16C0829D-50AD-4A9D-B34E-75DE1690247F}.Release|x64.Build.0 = Release|Any CPU
		{16C0829D-50AD-4A9D-B34E-75DE1690247F}.Release|x86.ActiveCfg = Release|Any CPU
		{16C0829D-50AD-4A9D-B34E-75DE1690247F}.Release|x86.Build.0 = Release|Any CPU
		{8442D5AA-EDD9-4D7C-959F-F792D96067AF}.Debug|Any CPU.ActiveCfg = Debug|Any CPU
		{8442D5AA-EDD9-4D7C-959F-F792D96067AF}.Debug|Any CPU.Build.0 = Debug|Any CPU
		{8442D5AA-EDD9-4D7C-959F-F792D96067AF}.Debug|x64.ActiveCfg = Debug|Any CPU
		{8442D5AA-EDD9-4D7C-959F-F792D96067AF}.Debug|x64.Build.0 = Debug|Any CPU
		{8442D5AA-EDD9-4D7C-959F-F792D96067AF}.Debug|x86.ActiveCfg = Debug|Any CPU
		{8442D5AA-EDD9-4D7C-959F-F792D96067AF}.Debug|x86.Build.0 = Debug|Any CPU
		{8442D5AA-EDD9-4D7C-959F-F792D96067AF}.Release|Any CPU.ActiveCfg = Release|Any CPU
		{8442D5AA-EDD9-4D7C-959F-F792D96067AF}.Release|Any CPU.Build.0 = Release|Any CPU
		{8442D5AA-EDD9-4D7C-959F-F792D96067AF}.Release|x64.ActiveCfg = Release|Any CPU
		{8442D5AA-EDD9-4D7C-959F-F792D96067AF}.Release|x64.Build.0 = Release|Any CPU
		{8442D5AA-EDD9-4D7C-959F-F792D96067AF}.Release|x86.ActiveCfg = Release|Any CPU
		{8442D5AA-EDD9-4D7C-959F-F792D96067AF}.Release|x86.Build.0 = Release|Any CPU
	EndGlobalSection
	GlobalSection(SolutionProperties) = preSolution
		HideSolutionNode = FALSE
	EndGlobalSection
	GlobalSection(NestedProjects) = preSolution
		{DBD00D1B-EE6E-49BD-A0F9-D9B141CC7761} = {827E0CD3-B72D-47B6-A68D-7590B98EB39B}
		{16C0829D-50AD-4A9D-B34E-75DE1690247F} = {827E0CD3-B72D-47B6-A68D-7590B98EB39B}
		{8442D5AA-EDD9-4D7C-959F-F792D96067AF} = {827E0CD3-B72D-47B6-A68D-7590B98EB39B}
	EndGlobalSection
EndGlobal
